PODS:
  - FBSnapshotTestCase (2.1.4):
    - FBSnapshotTestCase/SwiftSupport (= 2.1.4)
  - FBSnapshotTestCase/Core (2.1.4)
  - FBSnapshotTestCase/SwiftSupport (2.1.4):
    - FBSnapshotTestCase/Core
  - PYBaseColorHandler (0.1.1)
  - PYBaseStringHandler (0.1.1)
  - PYBaseView (0.1.8):
    - PYBaseColorHandler
    - PYBaseStringHandler
  - PYJsonViewManager (0.1.1):
    - PYBaseView

DEPENDENCIES:
  - FBSnapshotTestCase
  - PYJsonViewManager (from `../`)

SPEC REPOS:
  https://github.com/cocoapods/specs.git:
    - FBSnapshotTestCase
    - PYBaseColorHandler
    - PYBaseStringHandler
    - PYBaseView

EXTERNAL SOURCES:
  PYJsonViewManager:
    :path: "../"

SPEC CHECKSUMS:
  FBSnapshotTestCase: 094f9f314decbabe373b87cc339bea235a63e07a
  PYBaseColorHandler: 27c5875ddfd66672ca47a8d23930fde523720fda
  PYBaseStringHandler: 090d18d116158f49aabff465826c577b1f44f45f
  PYBaseView: 7a3724b8ea9a502fdca62f5e5c675212194cf1f4
  PYJsonViewManager: 5fd6e8d6ff0aa96358475bfb9417a22fef301e36

PODFILE CHECKSUM: 5cec2fe8d83eeaf7e3a88ad049175d05f989db54

COCOAPODS: 1.7.5
